
Microsoft Visual Studio Solution File, Format Version 12.00
# Visual Studio Version 16
VisualStudioVersion = 16.0.30611.23
MinimumVisualStudioVersion = 10.0.40219.1
Project("{2150E333-8FDC-42A3-9474-1A3956D46DE8}") = "src", "src", "{272A1DE0-DCB6-4196-9022-FD3AE76BE904}"
EndProject
Project("{2150E333-8FDC-42A3-9474-1A3956D46DE8}") = "Web.API", "Web.API", "{06A199D7-4A5B-48E8-A317-1D3815F89847}"
EndProject
Project("{2150E333-8FDC-42A3-9474-1A3956D46DE8}") = "Web.Client", "Web.Client", "{C746E589-A19B-4473-8255-8B2471177DB4}"
EndProject
Project("{2150E333-8FDC-42A3-9474-1A3956D46DE8}") = "tests", "tests", "{C2299126-CD48-4CC2-BDAE-731D0CD4C15D}"
EndProject
Project("{9A19103F-16F7-4668-BE54-9A1E7A4F7556}") = "MyMusic.API", "MyMusic.API\MyMusic.API.csproj", "{867823F8-3BE0-4515-B2CF-7C41D5E3A3D0}"
EndProject
Project("{9A19103F-16F7-4668-BE54-9A1E7A4F7556}") = "MyMusic.Core", "MyMusic.Core\MyMusic.Core.csproj", "{4737CED4-FD1A-43A1-AC89-CEB4B3505E06}"
EndProject
Project("{9A19103F-16F7-4668-BE54-9A1E7A4F7556}") = "MyMusic.Data", "MyMusic.Data\MyMusic.Data.csproj", "{ABDD9D84-16CD-4854-80D8-6BF4B70BCC57}"
EndProject
Project("{9A19103F-16F7-4668-BE54-9A1E7A4F7556}") = "MyMusic.Services", "MyMusic.Services\MyMusic.Services.csproj", "{AC74C93A-920C-4AB0-B28F-9968A26C5C20}"
EndProject
Project("{9A19103F-16F7-4668-BE54-9A1E7A4F7556}") = "MyMusic.Data.MogoDB", "MyMusic.Data.MogoDB\MyMusic.Data.MogoDB.csproj", "{7C4DCC8D-AF17-4A8D-9B99-180F6AB3B341}"
EndProject
Project("{FAE04EC0-301F-11D3-BF4B-00C04F79EFBC}") = "MyMusicMVC", "MyMusicMVC\MyMusicMVC.csproj", "{15134E36-B5B8-4E93-9D64-8F1187541CDB}"
EndProject
Global
	GlobalSection(SolutionConfigurationPlatforms) = preSolution
		Debug|Any CPU = Debug|Any CPU
		Release|Any CPU = Release|Any CPU
	EndGlobalSection
	GlobalSection(ProjectConfigurationPlatforms) = postSolution
		{867823F8-3BE0-4515-B2CF-7C41D5E3A3D0}.Debug|Any CPU.ActiveCfg = Debug|Any CPU
		{867823F8-3BE0-4515-B2CF-7C41D5E3A3D0}.Debug|Any CPU.Build.0 = Debug|Any CPU
		{867823F8-3BE0-4515-B2CF-7C41D5E3A3D0}.Release|Any CPU.ActiveCfg = Release|Any CPU
		{867823F8-3BE0-4515-B2CF-7C41D5E3A3D0}.Release|Any CPU.Build.0 = Release|Any CPU
		{4737CED4-FD1A-43A1-AC89-CEB4B3505E06}.Debug|Any CPU.ActiveCfg = Debug|Any CPU
		{4737CED4-FD1A-43A1-AC89-CEB4B3505E06}.Debug|Any CPU.Build.0 = Debug|Any CPU
		{4737CED4-FD1A-43A1-AC89-CEB4B3505E06}.Release|Any CPU.ActiveCfg = Release|Any CPU
		{4737CED4-FD1A-43A1-AC89-CEB4B3505E06}.Release|Any CPU.Build.0 = Release|Any CPU
		{ABDD9D84-16CD-4854-80D8-6BF4B70BCC57}.Debug|Any CPU.ActiveCfg = Debug|Any CPU
		{ABDD9D84-16CD-4854-80D8-6BF4B70BCC57}.Debug|Any CPU.Build.0 = Debug|Any CPU
		{ABDD9D84-16CD-4854-80D8-6BF4B70BCC57}.Release|Any CPU.ActiveCfg = Release|Any CPU
		{ABDD9D84-16CD-4854-80D8-6BF4B70BCC57}.Release|Any CPU.Build.0 = Release|Any CPU
		{AC74C93A-920C-4AB0-B28F-9968A26C5C20}.Debug|Any CPU.ActiveCfg = Debug|Any CPU
		{AC74C93A-920C-4AB0-B28F-9968A26C5C20}.Debug|Any CPU.Build.0 = Debug|Any CPU
		{AC74C93A-920C-4AB0-B28F-9968A26C5C20}.Release|Any CPU.ActiveCfg = Release|Any CPU
		{AC74C93A-920C-4AB0-B28F-9968A26C5C20}.Release|Any CPU.Build.0 = Release|Any CPU
		{7C4DCC8D-AF17-4A8D-9B99-180F6AB3B341}.Debug|Any CPU.ActiveCfg = Debug|Any CPU
		{7C4DCC8D-AF17-4A8D-9B99-180F6AB3B341}.Debug|Any CPU.Build.0 = Debug|Any CPU
		{7C4DCC8D-AF17-4A8D-9B99-180F6AB3B341}.Release|Any CPU.ActiveCfg = Release|Any CPU
		{7C4DCC8D-AF17-4A8D-9B99-180F6AB3B341}.Release|Any CPU.Build.0 = Release|Any CPU
		{15134E36-B5B8-4E93-9D64-8F1187541CDB}.Debug|Any CPU.ActiveCfg = Debug|Any CPU
		{15134E36-B5B8-4E93-9D64-8F1187541CDB}.Debug|Any CPU.Build.0 = Debug|Any CPU
		{15134E36-B5B8-4E93-9D64-8F1187541CDB}.Release|Any CPU.ActiveCfg = Release|Any CPU
		{15134E36-B5B8-4E93-9D64-8F1187541CDB}.Release|Any CPU.Build.0 = Release|Any CPU
	EndGlobalSection
	GlobalSection(SolutionProperties) = preSolution
		HideSolutionNode = FALSE
	EndGlobalSection
	GlobalSection(NestedProjects) = preSolution
		{06A199D7-4A5B-48E8-A317-1D3815F89847} = {272A1DE0-DCB6-4196-9022-FD3AE76BE904}
		{C746E589-A19B-4473-8255-8B2471177DB4} = {272A1DE0-DCB6-4196-9022-FD3AE76BE904}
		{867823F8-3BE0-4515-B2CF-7C41D5E3A3D0} = {06A199D7-4A5B-48E8-A317-1D3815F89847}
		{4737CED4-FD1A-43A1-AC89-CEB4B3505E06} = {06A199D7-4A5B-48E8-A317-1D3815F89847}
		{ABDD9D84-16CD-4854-80D8-6BF4B70BCC57} = {06A199D7-4A5B-48E8-A317-1D3815F89847}
		{AC74C93A-920C-4AB0-B28F-9968A26C5C20} = {06A199D7-4A5B-48E8-A317-1D3815F89847}
		{7C4DCC8D-AF17-4A8D-9B99-180F6AB3B341} = {06A199D7-4A5B-48E8-A317-1D3815F89847}
		{15134E36-B5B8-4E93-9D64-8F1187541CDB} = {C746E589-A19B-4473-8255-8B2471177DB4}
	EndGlobalSection
	GlobalSection(ExtensibilityGlobals) = postSolution
		SolutionGuid = {B9120CF7-60F2-4AB2-A18B-EC256E5643A7}
	EndGlobalSection
EndGlobal
